{
  "requires": true,
  "lockfileVersion": 1,
  "dependencies": {
    "cordova-sqlite-storage": {
      "version": "2.3.2",
      "resolved": "https://registry.npmjs.org/cordova-sqlite-storage/-/cordova-sqlite-storage-2.3.2.tgz",
      "integrity": "sha512-rgWusdiGvRvSN9jshab6a+ZXGtzbVXq28+dHwiWJc8nCZpaOTmS9L5RB0757ckWUAkcGK/5B6Suqb4/SELdSgw==",
      "requires": {
        "cordova-sqlite-storage-dependencies": "1.2.0"
      }
    },
    "cordova-sqlite-storage-dependencies": {
      "version": "1.2.0",
      "resolved": "https://registry.npmjs.org/cordova-sqlite-storage-dependencies/-/cordova-sqlite-storage-dependencies-1.2.0.tgz",
      "integrity": "sha512-lJl5uJFrCWrCYYGhpSEXe6sepjgOOzbeh8fFur3LqaSRvx+xFNYtfMYumE0+xqZwSmPODzex+y6I7ixwcBn73Q=="
    }
  }
}
